
Microsoft Visual Studio Solution File, Format Version 12.00
# Visual Studio Version 17
VisualStudioVersion = 17.8.34330.188
MinimumVisualStudioVersion = 10.0.40219.1
Project("{9A19103F-16F7-4668-BE54-9A1E7A4F7556}") = "AvaloniaApplication1", ".\AvaloniaApplication1\AvaloniaApplication1.csproj", "{01A939D8-DB6B-4E0B-9D9B-6BF839F2C480}"
EndProject
Project("{9A19103F-16F7-4668-BE54-9A1E7A4F7556}") = "AvaloniaApplication1.Desktop", ".\AvaloniaApplication1.Desktop\AvaloniaApplication1.Desktop.csproj", "{C518FA7F-F76D-400B-BA80-D99CAE3F02DA}"
EndProject
Project("{9A19103F-16F7-4668-BE54-9A1E7A4F7556}") = "LibMpv.Avalonia", ".\LibMpv.Avalonia\LibMpv.Avalonia.csproj", "{1CC3B437-8C07-4BF7-9C82-7FE56B988792}"
EndProject
Project("{9A19103F-16F7-4668-BE54-9A1E7A4F7556}") = "LibMpv.Client", ".\LibMpv.Client\LibMpv.Client.csproj", "{7E6768C1-4D35-4B05-8BDB-2D505B214F0A}"
EndProject
Project("{9A19103F-16F7-4668-BE54-9A1E7A4F7556}") = "LibMpv.MVVM", ".\LibMpv.MVVM\LibMpv.MVVM.csproj", "{8400073E-B9E7-433C-9B17-0367650817B9}"
EndProject
Global
	GlobalSection(SolutionConfigurationPlatforms) = preSolution
		Debug|Any CPU = Debug|Any CPU
		Release|Any CPU = Release|Any CPU
	EndGlobalSection
	GlobalSection(ProjectConfigurationPlatforms) = postSolution
		{01A939D8-DB6B-4E0B-9D9B-6BF839F2C480}.Debug|Any CPU.ActiveCfg = Debug|Any CPU
		{01A939D8-DB6B-4E0B-9D9B-6BF839F2C480}.Debug|Any CPU.Build.0 = Debug|Any CPU
		{01A939D8-DB6B-4E0B-9D9B-6BF839F2C480}.Release|Any CPU.ActiveCfg = Release|Any CPU
		{01A939D8-DB6B-4E0B-9D9B-6BF839F2C480}.Release|Any CPU.Build.0 = Release|Any CPU
		{C518FA7F-F76D-400B-BA80-D99CAE3F02DA}.Debug|Any CPU.ActiveCfg = Debug|Any CPU
		{C518FA7F-F76D-400B-BA80-D99CAE3F02DA}.Debug|Any CPU.Build.0 = Debug|Any CPU
		{C518FA7F-F76D-400B-BA80-D99CAE3F02DA}.Release|Any CPU.ActiveCfg = Release|Any CPU
		{C518FA7F-F76D-400B-BA80-D99CAE3F02DA}.Release|Any CPU.Build.0 = Release|Any CPU
		{1CC3B437-8C07-4BF7-9C82-7FE56B988792}.Debug|Any CPU.ActiveCfg = Debug|Any CPU
		{1CC3B437-8C07-4BF7-9C82-7FE56B988792}.Debug|Any CPU.Build.0 = Debug|Any CPU
		{1CC3B437-8C07-4BF7-9C82-7FE56B988792}.Release|Any CPU.ActiveCfg = Release|Any CPU
		{1CC3B437-8C07-4BF7-9C82-7FE56B988792}.Release|Any CPU.Build.0 = Release|Any CPU
		{7E6768C1-4D35-4B05-8BDB-2D505B214F0A}.Debug|Any CPU.ActiveCfg = Debug|Any CPU
		{7E6768C1-4D35-4B05-8BDB-2D505B214F0A}.Debug|Any CPU.Build.0 = Debug|Any CPU
		{7E6768C1-4D35-4B05-8BDB-2D505B214F0A}.Release|Any CPU.ActiveCfg = Release|Any CPU
		{7E6768C1-4D35-4B05-8BDB-2D505B214F0A}.Release|Any CPU.Build.0 = Release|Any CPU
		{8400073E-B9E7-433C-9B17-0367650817B9}.Debug|Any CPU.ActiveCfg = Debug|Any CPU
		{8400073E-B9E7-433C-9B17-0367650817B9}.Debug|Any CPU.Build.0 = Debug|Any CPU
		{8400073E-B9E7-433C-9B17-0367650817B9}.Release|Any CPU.ActiveCfg = Release|Any CPU
		{8400073E-B9E7-433C-9B17-0367650817B9}.Release|Any CPU.Build.0 = Release|Any CPU
	EndGlobalSection
	GlobalSection(SolutionProperties) = preSolution
		HideSolutionNode = FALSE
	EndGlobalSection
	GlobalSection(ExtensibilityGlobals) = postSolution
		SolutionGuid = {10C3B63E-293E-4AB2-A554-A60EB2505722}
	EndGlobalSection
EndGlobal
